
Microsoft Visual Studio Solution File, Format Version 12.00
# Visual Studio Version 17
VisualStudioVersion = 17.5.002.0
MinimumVisualStudioVersion = 10.0.40219.1
Project("{2150E333-8FDC-42A3-9474-1A3956D46DE8}") = "lesson1", "lesson1", "{856E37DD-F278-47EE-8CAE-7640ABF5744C}"
EndProject
Project("{9A19103F-16F7-4668-BE54-9A1E7A4F7556}") = "task1", "lesson1\task1\task1.csproj", "{D08EE57F-7EEE-40C3-9DAB-96FC54C89883}"
EndProject
Global
	GlobalSection(SolutionConfigurationPlatforms) = preSolution
		Debug|Any CPU = Debug|Any CPU
		Release|Any CPU = Release|Any CPU
	EndGlobalSection
	GlobalSection(ProjectConfigurationPlatforms) = postSolution
		{D08EE57F-7EEE-40C3-9DAB-96FC54C89883}.Debug|Any CPU.ActiveCfg = Debug|Any CPU
		{D08EE57F-7EEE-40C3-9DAB-96FC54C89883}.Debug|Any CPU.Build.0 = Debug|Any CPU
		{D08EE57F-7EEE-40C3-9DAB-96FC54C89883}.Release|Any CPU.ActiveCfg = Release|Any CPU
		{D08EE57F-7EEE-40C3-9DAB-96FC54C89883}.Release|Any CPU.Build.0 = Release|Any CPU
	EndGlobalSection
	GlobalSection(SolutionProperties) = preSolution
		HideSolutionNode = FALSE
	EndGlobalSection
	GlobalSection(NestedProjects) = preSolution
		{D08EE57F-7EEE-40C3-9DAB-96FC54C89883} = {856E37DD-F278-47EE-8CAE-7640ABF5744C}
	EndGlobalSection
	GlobalSection(ExtensibilityGlobals) = postSolution
		SolutionGuid = {D5568A76-4BB7-4517-BD61-0FA3EE5952D4}
	EndGlobalSection
EndGlobal
